// !$*UTF8*$!
{
	archiveVersion = 1;
	classes = {
	};
	objectVersion = 46;
	objects = {

/* Begin PBXBuildFile section */
		93E5AD261BE3EECD00485110 /* main.m in Sources */ = {isa = PBXBuildFile; fileRef = 93E5AD251BE3EECD00485110 /* main.m */; };
		93E5AD291BE3EECD00485110 /* AppDelegate.m in Sources */ = {isa = PBXBuildFile; fileRef = 93E5AD281BE3EECD00485110 /* AppDelegate.m */; };
		93E5AD2C1BE3EECD00485110 /* ViewController.m in Sources */ = {isa = PBXBuildFile; fileRef = 93E5AD2B1BE3EECD00485110 /* ViewController.m */; };
		93E5AD2F1BE3EECD00485110 /* Main.storyboard in Resources */ = {isa = PBXBuildFile; fileRef = 93E5AD2D1BE3EECD00485110 /* Main.storyboard */; };
		93E5AD311BE3EECD00485110 /* Assets.xcassets in Resources */ = {isa = PBXBuildFile; fileRef = 93E5AD301BE3EECD00485110 /* Assets.xcassets */; };
		93E5AD341BE3EECD00485110 /* LaunchScreen.storyboard in Resources */ = {isa = PBXBuildFile; fileRef = 93E5AD321BE3EECD00485110 /* LaunchScreen.storyboard */; };
		93E5AD3F1BE3EECD00485110 /* TipCalculatorTests.m in Sources */ = {isa = PBXBuildFile; fileRef = 93E5AD3E1BE3EECD00485110 /* TipCalculatorTests.m */; };
		93E5AD4A1BE3EECD00485110 /* TipCalculatorUITests.m in Sources */ = {isa = PBXBuildFile; fileRef = 93E5AD491BE3EECD00485110 /* TipCalculatorUITests.m */; };
/* End PBXBuildFile section */

/* Begin PBXContainerItemProxy section */
		93E5AD3B1BE3EECD00485110 /* PBXContainerItemProxy */ = {
			isa = PBXContainerItemProxy;
			containerPortal = 93E5AD191BE3EECD00485110 /* Project object */;
			proxyType = 1;
			remoteGlobalIDString = 93E5AD201BE3EECD00485110;
			remoteInfo = TipCalculator;
		};
		93E5AD461BE3EECD00485110 /* PBXContainerItemProxy */ = {
			isa = PBXContainerItemProxy;
			containerPortal = 93E5AD191BE3EECD00485110 /* Project object */;
			proxyType = 1;
			remoteGlobalIDString = 93E5AD201BE3EECD00485110;
			remoteInfo = TipCalculator;
		};
/* End PBXContainerItemProxy section */

/* Begin PBXFileReference section */
		93E5AD211BE3EECD00485110 /* TipCalculator.app */ = {isa = PBXFileReference; explicitFileType = wrapper.application; includeInIndex = 0; path = TipCalculator.app; sourceTree = BUILT_PRODUCTS_DIR; };
		93E5AD251BE3EECD00485110 /* main.m */ = {isa = PBXFileReference; lastKnownFileType = sourcecode.c.objc; path = main.m; sourceTree = "<group>"; };
		93E5AD271BE3EECD00485110 /* AppDelegate.h */ = {isa = PBXFileReference; lastKnownFileType = sourcecode.c.h; path = AppDelegate.h; sourceTree = "<group>"; };
		93E5AD281BE3EECD00485110 /* AppDelegate.m */ = {isa = PBXFileReference; lastKnownFileType = sourcecode.c.objc; path = AppDelegate.m; sourceTree = "<group>"; };
		93E5AD2A1BE3EECD00485110 /* ViewController.h */ = {isa = PBXFileReference; lastKnownFileType = sourcecode.c.h; path = ViewController.h; sourceTree = "<group>"; };
		93E5AD2B1BE3EECD00485110 /* ViewController.m */ = {isa = PBXFileReference; lastKnownFileType = sourcecode.c.objc; path = ViewController.m; sourceTree = "<group>"; };
		93E5AD2E1BE3EECD00485110 /* Base */ = {isa = PBXFileReference; lastKnownFileType = file.storyboard; name = Base; path = Base.lproj/Main.storyboard; sourceTree = "<group>"; };
		93E5AD301BE3EECD00485110 /* Assets.xcassets */ = {isa = PBXFileReference; lastKnownFileType = folder.assetcatalog; path = Assets.xcassets; sourceTree = "<group>"; };
		93E5AD331BE3EECD00485110 /* Base */ = {isa = PBXFileReference; lastKnownFileType = file.storyboard; name = Base; path = Base.lproj/LaunchScreen.storyboard; sourceTree = "<group>"; };
		93E5AD351BE3EECD00485110 /* Info.plist */ = {isa = PBXFileReference; lastKnownFileType = text.plist.xml; path = Info.plist; sourceTree = "<group>"; };
		93E5AD3A1BE3EECD00485110 /* TipCalculatorTests.xctest */ = {isa = PBXFileReference; explicitFileType = wrapper.cfbundle; includeInIndex = 0; path = TipCalculatorTests.xctest; sourceTree = BUILT_PRODUCTS_DIR; };
		93E5AD3E1BE3EECD00485110 /* TipCalculatorTests.m */ = {isa = PBXFileReference; lastKnownFileType = sourcecode.c.objc; path = TipCalculatorTests.m; sourceTree = "<group>"; };
		93E5AD401BE3EECD00485110 /* Info.plist */ = {isa = PBXFileReference; lastKnownFileType = text.plist.xml; path = Info.plist; sourceTree = "<group>"; };
		93E5AD451BE3EECD00485110 /* TipCalculatorUITests.xctest */ = {isa = PBXFileReference; explicitFileType = wrapper.cfbundle; includeInIndex = 0; path = TipCalculatorUITests.xctest; sourceTree = BUILT_PRODUCTS_DIR; };
		93E5AD491BE3EECD00485110 /* TipCalculatorUITests.m */ = {isa = PBXFileReference; lastKnownFileType = sourcecode.c.objc; path = TipCalculatorUITests.m; sourceTree = "<group>"; };
		93E5AD4B1BE3EECD00485110 /* Info.plist */ = {isa = PBXFileReference; lastKnownFileType = text.plist.xml; path = Info.plist; sourceTree = "<group>"; };
/* End PBXFileReference section */

/* Begin PBXFrameworksBuildPhase section */
		93E5AD1E1BE3EECD00485110 /* Frameworks */ = {
			isa = PBXFrameworksBuildPhase;
			buildActionMask = 2147483647;
			files = (
			);
			runOnlyForDeploymentPostprocessing = 0;
		};
		93E5AD371BE3EECD00485110 /* Frameworks */ = {
			isa = PBXFrameworksBuildPhase;
			buildActionMask = 2147483647;
			files = (
			);
			runOnlyForDeploymentPostprocessing = 0;
		};
		93E5AD421BE3EECD00485110 /* Frameworks */ = {
			isa = PBXFrameworksBuildPhase;
			buildActionMask = 2147483647;
			files = (
			);
			runOnlyForDeploymentPostprocessing = 0;
		};
/* End PBXFrameworksBuildPhase section */

/* Begin PBXGroup section */
		93E5AD181BE3EECD00485110 = {
			isa = PBXGroup;
			children = (
				93E5AD231BE3EECD00485110 /* TipCalculator */,
				93E5AD3D1BE3EECD00485110 /* TipCalculatorTests */,
				93E5AD481BE3EECD00485110 /* TipCalculatorUITests */,
				93E5AD221BE3EECD00485110 /* Products */,
			);
			sourceTree = "<group>";
		};
		93E5AD221BE3EECD00485110 /* Products */ = {
			isa = PBXGroup;
			children = (
				93E5AD211BE3EECD00485110 /* TipCalculator.app */,
				93E5AD3A1BE3EECD00485110 /* TipCalculatorTests.xctest */,
				93E5AD451BE3EECD00485110 /* TipCalculatorUITests.xctest */,
			);
			name = Products;
			sourceTree = "<group>";
		};
		93E5AD231BE3EECD00485110 /* TipCalculator */ = {
			isa = PBXGroup;
			children = (
				93E5AD271BE3EECD00485110 /* AppDelegate.h */,
				93E5AD281BE3EECD00485110 /* AppDelegate.m */,
				93E5AD2A1BE3EECD00485110 /* ViewController.h */,
				93E5AD2B1BE3EECD00485110 /* ViewController.m */,
				93E5AD2D1BE3EECD00485110 /* Main.storyboard */,
				93E5AD301BE3EECD00485110 /* Assets.xcassets */,
				93E5AD321BE3EECD00485110 /* LaunchScreen.storyboard */,
				93E5AD351BE3EECD00485110 /* Info.plist */,
				93E5AD241BE3EECD00485110 /* Supporting Files */,
			);
			path = TipCalculator;
			sourceTree = "<group>";
		};
		93E5AD241BE3EECD00485110 /* Supporting Files */ = {
			isa = PBXGroup;
			children = (
				93E5AD251BE3EECD00485110 /* main.m */,
			);
			name = "Supporting Files";
			sourceTree = "<group>";
		};
		93E5AD3D1BE3EECD00485110 /* TipCalculatorTests */ = {
			isa = PBXGroup;
			children = (
				93E5AD3E1BE3EECD00485110 /* TipCalculatorTests.m */,
				93E5AD401BE3EECD00485110 /* Info.plist */,
			);
			path = TipCalculatorTests;
			sourceTree = "<group>";
		};
		93E5AD481BE3EECD00485110 /* TipCalculatorUITests */ = {
			isa = PBXGroup;
			children = (
				93E5AD491BE3EECD00485110 /* TipCalculatorUITests.m */,
				93E5AD4B1BE3EECD00485110 /* Info.plist */,
			);
			path = TipCalculatorUITests;
			sourceTree = "<group>";
		};
/* End PBXGroup section */

/* Begin PBXNativeTarget section */
		93E5AD201BE3EECD00485110 /* TipCalculator */ = {
			isa = PBXNativeTarget;
			buildConfigurationList = 93E5AD4E1BE3EECD00485110 /* Build configuration list for PBXNativeTarget "TipCalculator" */;
			buildPhases = (
				93E5AD1D1BE3EECD00485110 /* Sources */,
				93E5AD1E1BE3EECD00485110 /* Frameworks */,
				93E5AD1F1BE3EECD00485110 /* Resources */,
			);
			buildRules = (
			);
			dependencies = (
			);
			name = TipCalculator;
			productName = TipCalculator;
			productReference = 93E5AD211BE3EECD00485110 /* TipCalculator.app */;
			productType = "com.apple.product-type.application";
		};
		93E5AD391BE3EECD00485110 /* TipCalculatorTests */ = {
			isa = PBXNativeTarget;
			buildConfigurationList = 93E5AD511BE3EECD00485110 /* Build configuration list for PBXNativeTarget "TipCalculatorTests" */;
			buildPhases = (
				93E5AD361BE3EECD00485110 /* Sources */,
				93E5AD371BE3EECD00485110 /* Frameworks */,
				93E5AD381BE3EECD00485110 /* Resources */,
			);
			buildRules = (
			);
			dependencies = (
				93E5AD3C1BE3EECD00485110 /* PBXTargetDependency */,
			);
			name = TipCalculatorTests;
			productName = TipCalculatorTests;
			productReference = 93E5AD3A1BE3EECD00485110 /* TipCalculatorTests.xctest */;
			productType = "com.apple.product-type.bundle.unit-test";
		};
		93E5AD441BE3EECD00485110 /* TipCalculatorUITests */ = {
			isa = PBXNativeTarget;
			buildConfigurationList = 93E5AD541BE3EECD00485110 /* Build configuration list for PBXNativeTarget "TipCalculatorUITests" */;
			buildPhases = (
				93E5AD411BE3EECD00485110 /* Sources */,
				93E5AD421BE3EECD00485110 /* Frameworks */,
				93E5AD431BE3EECD00485110 /* Resources */,
			);
			buildRules = (
			);
			dependencies = (
				93E5AD471BE3EECD00485110 /* PBXTargetDependency */,
			);
			name = TipCalculatorUITests;
			productName = TipCalculatorUITests;
			productReference = 93E5AD451BE3EECD00485110 /* TipCalculatorUITests.xctest */;
			productType = "com.apple.product-type.bundle.ui-testing";
		};
/* End PBXNativeTarget section */

/* Begin PBXProject section */
		93E5AD191BE3EECD00485110 /* Project object */ = {
			isa = PBXProject;
			attributes = {
				LastUpgradeCheck = 0710;
				ORGANIZATIONNAME = "Benson Huynh";
				TargetAttributes = {
					93E5AD201BE3EECD00485110 = {
						CreatedOnToolsVersion = 7.1;
						DevelopmentTeam = Q4XP3UEQ6Q;
					};
					93E5AD391BE3EECD00485110 = {
						CreatedOnToolsVersion = 7.1;
						DevelopmentTeam = Q4XP3UEQ6Q;
						TestTargetID = 93E5AD201BE3EECD00485110;
					};
					93E5AD441BE3EECD00485110 = {
						CreatedOnToolsVersion = 7.1;
						DevelopmentTeam = Q4XP3UEQ6Q;
						TestTargetID = 93E5AD201BE3EECD00485110;
					};
				};
			};
			buildConfigurationList = 93E5AD1C1BE3EECD00485110 /* Build configuration list for PBXProject "TipCalculator" */;
			compatibilityVersion = "Xcode 3.2";
			developmentRegion = English;
			hasScannedForEncodings = 0;
			knownRegions = (
				en,
				Base,
			);
			mainGroup = 93E5AD181BE3EECD00485110;
			productRefGroup = 93E5AD221BE3EECD00485110 /* Products */;
			projectDirPath = "";
			projectRoot = "";
			targets = (
				93E5AD201BE3EECD00485110 /* TipCalculator */,
				93E5AD391BE3EECD00485110 /* TipCalculatorTests */,
				93E5AD441BE3EECD00485110 /* TipCalculatorUITests */,
			);
		};
/* End PBXProject section */

/* Begin PBXResourcesBuildPhase section */
		93E5AD1F1BE3EECD00485110 /* Resources */ = {
			isa = PBXResourcesBuildPhase;
			buildActionMask = 2147483647;
			files = (
				93E5AD341BE3EECD00485110 /* LaunchScreen.storyboard in Resources */,
				93E5AD311BE3EECD00485110 /* Assets.xcassets in Resources */,
				93E5AD2F1BE3EECD00485110 /* Main.storyboard in Resources */,
			);
			runOnlyForDeploymentPostprocessing = 0;
		};
		93E5AD381BE3EECD00485110 /* Resources */ = {
			isa = PBXResourcesBuildPhase;
			buildActionMask = 2147483647;
			files = (
			);
			runOnlyForDeploymentPostprocessing = 0;
		};
		93E5AD431BE3EECD00485110 /* Resources */ = {
			isa = PBXResourcesBuildPhase;
			buildActionMask = 2147483647;
			files = (
			);
			runOnlyForDeploymentPostprocessing = 0;
		};
/* End PBXResourcesBuildPhase section */

/* Begin PBXSourcesBuildPhase section */
		93E5AD1D1BE3EECD00485110 /* Sources */ = {
			isa = PBXSourcesBuildPhase;
			buildActionMask = 2147483647;
			files = (
				93E5AD2C1BE3EECD00485110 /* ViewController.m in Sources */,
				93E5AD291BE3EECD00485110 /* AppDelegate.m in Sources */,
				93E5AD261BE3EECD00485110 /* main.m in Sources */,
			);
			runOnlyForDeploymentPostprocessing = 0;
		};
		93E5AD361BE3EECD00485110 /* Sources */ = {
			isa = PBXSourcesBuildPhase;
			buildActionMask = 2147483647;
			files = (
				93E5AD3F1BE3EECD00485110 /* TipCalculatorTests.m in Sources */,
			);
			runOnlyForDeploymentPostprocessing = 0;
		};
		93E5AD411BE3EECD00485110 /* Sources */ = {
			isa = PBXSourcesBuildPhase;
			buildActionMask = 2147483647;
			files = (
				93E5AD4A1BE3EECD00485110 /* TipCalculatorUITests.m in Sources */,
			);
			runOnlyForDeploymentPostprocessing = 0;
		};
/* End PBXSourcesBuildPhase section */

/* Begin PBXTargetDependency section */
		93E5AD3C1BE3EECD00485110 /* PBXTargetDependency */ = {
			isa = PBXTargetDependency;
			target = 93E5AD201BE3EECD00485110 /* TipCalculator */;
			targetProxy = 93E5AD3B1BE3EECD00485110 /* PBXContainerItemProxy */;
		};
		93E5AD471BE3EECD00485110 /* PBXTargetDependency */ = {
			isa = PBXTargetDependency;
			target = 93E5AD201BE3EECD00485110 /* TipCalculator */;
			targetProxy = 93E5AD461BE3EECD00485110 /* PBXContainerItemProxy */;
		};
/* End PBXTargetDependency section */

/* Begin PBXVariantGroup section */
		93E5AD2D1BE3EECD00485110 /* Main.storyboard */ = {
			isa = PBXVariantGroup;
			children = (
				93E5AD2E1BE3EECD00485110 /* Base */,
			);
			name = Main.storyboard;
			sourceTree = "<group>";
		};
		93E5AD321BE3EECD00485110 /* LaunchScreen.storyboard */ = {
			isa = PBXVariantGroup;
			children = (
				93E5AD331BE3EECD00485110 /* Base */,
			);
			name = LaunchScreen.storyboard;
			sourceTree = "<group>";
		};
/* End PBXVariantGroup section */

/* Begin XCBuildConfiguration section */
		93E5AD4C1BE3EECD00485110 /* Debug */ = {
			isa = XCBuildConfiguration;
			buildSettings = {
				ALWAYS_SEARCH_USER_PATHS = NO;
				CLANG_CXX_LANGUAGE_STANDARD = "gnu++0x";
				CLANG_CXX_LIBRARY = "libc++";
				CLANG_ENABLE_MODULES = YES;
				CLANG_ENABLE_OBJC_ARC = YES;
				CLANG_WARN_BOOL_CONVERSION = YES;
				CLANG_WARN_CONSTANT_CONVERSION = YES;
				CLANG_WARN_DIRECT_OBJC_ISA_USAGE = YES_ERROR;
				CLANG_WARN_EMPTY_BODY = YES;
				CLANG_WARN_ENUM_CONVERSION = YES;
				CLANG_WARN_INT_CONVERSION = YES;
				CLANG_WARN_OBJC_ROOT_CLASS = YES_ERROR;
				CLANG_WARN_UNREACHABLE_CODE = YES;
				CLANG_WARN__DUPLICATE_METHOD_MATCH = YES;
				"CODE_SIGN_IDENTITY[sdk=iphoneos*]" = "iPhone Developer";
				COPY_PHASE_STRIP = NO;
				DEBUG_INFORMATION_FORMAT = dwarf;
				ENABLE_STRICT_OBJC_MSGSEND = YES;
				ENABLE_TESTABILITY = YES;
				GCC_C_LANGUAGE_STANDARD = gnu99;
				GCC_DYNAMIC_NO_PIC = NO;
				GCC_NO_COMMON_BLOCKS = YES;
				GCC_OPTIMIZATION_LEVEL = 0;
				GCC_PREPROCESSOR_DEFINITIONS = (
					"DEBUG=1",
					"$(inherited)",
				);
				GCC_WARN_64_TO_32_BIT_CONVERSION = YES;
				GCC_WARN_ABOUT_RETURN_TYPE = YES_ERROR;
				GCC_WARN_UNDECLARED_SELECTOR = YES;
				GCC_WARN_UNINITIALIZED_AUTOS = YES_AGGRESSIVE;
				GCC_WARN_UNUSED_FUNCTION = YES;
				GCC_WARN_UNUSED_VARIABLE = YES;
				IPHONEOS_DEPLOYMENT_TARGET = 9.1;
				MTL_ENABLE_DEBUG_INFO = YES;
				ONLY_ACTIVE_ARCH = YES;
				SDKROOT = iphoneos;
			};
			name = Debug;
		};
		93E5AD4D1BE3EECD00485110 /* Release */ = {
			isa = XCBuildConfiguration;
			buildSettings = {
				ALWAYS_SEARCH_USER_PATHS = NO;
				CLANG_CXX_LANGUAGE_STANDARD = "gnu++0x";
				CLANG_CXX_LIBRARY = "libc++";
				CLANG_ENABLE_MODULES = YES;
				CLANG_ENABLE_OBJC_ARC = YES;
				CLANG_WARN_BOOL_CONVERSION = YES;
				CLANG_WARN_CONSTANT_CONVERSION = YES;
				CLANG_WARN_DIRECT_OBJC_ISA_USAGE = YES_ERROR;
				CLANG_WARN_EMPTY_BODY = YES;
				CLANG_WARN_ENUM_CONVERSION = YES;
				CLANG_WARN_INT_CONVERSION = YES;
				CLANG_WARN_OBJC_ROOT_CLASS = YES_ERROR;
				CLANG_WARN_UNREACHABLE_CODE = YES;
				CLANG_WARN__DUPLICATE_METHOD_MATCH = YES;
				"CODE_SIGN_IDENTITY[sdk=iphoneos*]" = "iPhone Developer";
				COPY_PHASE_STRIP = NO;
				DEBUG_INFORMATION_FORMAT = "dwarf-with-dsym";
				ENABLE_NS_ASSERTIONS = NO;
				ENABLE_STRICT_OBJC_MSGSEND = YES;
				GCC_C_LANGUAGE_STANDARD = gnu99;
				GCC_NO_COMMON_BLOCKS = YES;
				GCC_WARN_64_TO_32_BIT_CONVERSION = YES;
				GCC_WARN_ABOUT_RETURN_TYPE = YES_ERROR;
				GCC_WARN_UNDECLARED_SELECTOR = YES;
				GCC_WARN_UNINITIALIZED_AUTOS = YES_AGGRESSIVE;
				GCC_WARN_UNUSED_FUNCTION = YES;
				GCC_WARN_UNUSED_VARIABLE = YES;
				IPHONEOS_DEPLOYMENT_TARGET = 9.1;
				MTL_ENABLE_DEBUG_INFO = NO;
				SDKROOT = iphoneos;
				VALIDATE_PRODUCT = YES;
			};
			name = Release;
		};
		93E5AD4F1BE3EECD00485110 /* Debug */ = {
			isa = XCBuildConfiguration;
			buildSettings = {
				ASSETCATALOG_COMPILER_APPICON_NAME = AppIcon;
				INFOPLIST_FILE = TipCalculator/Info.plist;
				LD_RUNPATH_SEARCH_PATHS = "$(inherited) @executable_path/Frameworks";
				PRODUCT_BUNDLE_IDENTIFIER = com.teamtreehouse.TipCalculator;
				PRODUCT_NAME = "$(TARGET_NAME)";
			};
			name = Debug;
		};
		93E5AD501BE3EECD00485110 /* Release */ = {
			isa = XCBuildConfiguration;
			buildSettings = {
				ASSETCATALOG_COMPILER_APPICON_NAME = AppIcon;
				INFOPLIST_FILE = TipCalculator/Info.plist;
				LD_RUNPATH_SEARCH_PATHS = "$(inherited) @executable_path/Frameworks";
				PRODUCT_BUNDLE_IDENTIFIER = com.teamtreehouse.TipCalculator;
				PRODUCT_NAME = "$(TARGET_NAME)";
			};
			name = Release;
		};
		93E5AD521BE3EECD00485110 /* Debug */ = {
			isa = XCBuildConfiguration;
			buildSettings = {
				BUNDLE_LOADER = "$(TEST_HOST)";
				INFOPLIST_FILE = TipCalculatorTests/Info.plist;
				LD_RUNPATH_SEARCH_PATHS = "$(inherited) @executable_path/Frameworks @loader_path/Frameworks";
				PRODUCT_BUNDLE_IDENTIFIER = com.teamtreehouse.TipCalculatorTests;
				PRODUCT_NAME = "$(TARGET_NAME)";
				TEST_HOST = "$(BUILT_PRODUCTS_DIR)/TipCalculator.app/TipCalculator";
			};
			name = Debug;
		};
		93E5AD531BE3EECD00485110 /* Release */ = {
			isa = XCBuildConfiguration;
			buildSettings = {
				BUNDLE_LOADER = "$(TEST_HOST)";
				INFOPLIST_FILE = TipCalculatorTests/Info.plist;
				LD_RUNPATH_SEARCH_PATHS = "$(inherited) @executable_path/Frameworks @loader_path/Frameworks";
				PRODUCT_BUNDLE_IDENTIFIER = com.teamtreehouse.TipCalculatorTests;
				PRODUCT_NAME = "$(TARGET_NAME)";
				TEST_HOST = "$(BUILT_PRODUCTS_DIR)/TipCalculator.app/TipCalculator";
			};
			name = Release;
		};
		93E5AD551BE3EECD00485110 /* Debug */ = {
			isa = XCBuildConfiguration;
			buildSettings = {
				INFOPLIST_FILE = TipCalculatorUITests/Info.plist;
				LD_RUNPATH_SEARCH_PATHS = "$(inherited) @executable_path/Frameworks @loader_path/Frameworks";
				PRODUCT_BUNDLE_IDENTIFIER = com.teamtreehouse.TipCalculatorUITests;
				PRODUCT_NAME = "$(TARGET_NAME)";
				TEST_TARGET_NAME = TipCalculator;
				USES_XCTRUNNER = YES;
			};
			name = Debug;
		};
		93E5AD561BE3EECD00485110 /* Release */ = {
			isa = XCBuildConfiguration;
			buildSettings = {
				INFOPLIST_FILE = TipCalculatorUITests/Info.plist;
				LD_RUNPATH_SEARCH_PATHS = "$(inherited) @executable_path/Frameworks @loader_path/Frameworks";
				PRODUCT_BUNDLE_IDENTIFIER = com.teamtreehouse.TipCalculatorUITests;
				PRODUCT_NAME = "$(TARGET_NAME)";
				TEST_TARGET_NAME = TipCalculator;
				USES_XCTRUNNER = YES;
			};
			name = Release;
		};
/* End XCBuildConfiguration section */

/* Begin XCConfigurationList section */
		93E5AD1C1BE3EECD00485110 /* Build configuration list for PBXProject "TipCalculator" */ = {
			isa = XCConfigurationList;
			buildConfigurations = (
				93E5AD4C1BE3EECD00485110 /* Debug */,
				93E5AD4D1BE3EECD00485110 /* Release */,
			);
			defaultConfigurationIsVisible = 0;
			defaultConfigurationName = Release;
		};
		93E5AD4E1BE3EECD00485110 /* Build configuration list for PBXNativeTarget "TipCalculator" */ = {
			isa = XCConfigurationList;
			buildConfigurations = (
				93E5AD4F1BE3EECD00485110 /* Debug */,
				93E5AD501BE3EECD00485110 /* Release */,
			);
			defaultConfigurationIsVisible = 0;
		};
		93E5AD511BE3EECD00485110 /* Build configuration list for PBXNativeTarget "TipCalculatorTests" */ = {
			isa = XCConfigurationList;
			buildConfigurations = (
				93E5AD521BE3EECD00485110 /* Debug */,
				93E5AD531BE3EECD00485110 /* Release */,
			);
			defaultConfigurationIsVisible = 0;
		};
		93E5AD541BE3EECD00485110 /* Build configuration list for PBXNativeTarget "TipCalculatorUITests" */ = {
			isa = XCConfigurationList;
			buildConfigurations = (
				93E5AD551BE3EECD00485110 /* Debug */,
				93E5AD561BE3EECD00485110 /* Release */,
			);
			defaultConfigurationIsVisible = 0;
		};
/* End XCConfigurationList section */
	};
	rootObject = 93E5AD191BE3EECD00485110 /* Project object */;
}
